
Microsoft Visual Studio Solution File, Format Version 12.00
# Visual Studio 2012
Project("{FAE04EC0-301F-11D3-BF4B-00C04F79EFBC}") = "TodoApi", "TodoApi\TodoApi.csproj", "{EFAC8261-9507-4D16-9342-2613D53A0359}"
EndProject
Global
	GlobalSection(SolutionConfigurationPlatforms) = preSolution
		Debug|Any CPU = Debug|Any CPU
		Release|Any CPU = Release|Any CPU
	EndGlobalSection
	GlobalSection(ProjectConfigurationPlatforms) = postSolution
		{EFAC8261-9507-4D16-9342-2613D53A0359}.Debug|Any CPU.ActiveCfg = Debug|Any CPU
		{EFAC8261-9507-4D16-9342-2613D53A0359}.Debug|Any CPU.Build.0 = Debug|Any CPU
		{EFAC8261-9507-4D16-9342-2613D53A0359}.Release|Any CPU.ActiveCfg = Release|Any CPU
		{EFAC8261-9507-4D16-9342-2613D53A0359}.Release|Any CPU.Build.0 = Release|Any CPU
	EndGlobalSection
EndGlobal
